
Microsoft Visual Studio Solution File, Format Version 12.00
# Visual Studio Version 16
VisualStudioVersion = 16.0.29920.165
MinimumVisualStudioVersion = 10.0.40219.1
Project("{9A19103F-16F7-4668-BE54-9A1E7A4F7556}") = "Orders", "Orders\Orders.csproj", "{58776930-6790-4D63-ACCF-596B6FAD30FD}"
EndProject
Project("{9A19103F-16F7-4668-BE54-9A1E7A4F7556}") = "Orders.Data", "Orders.Data\Orders.Data.csproj", "{A8C99D84-DA4C-475B-9970-976E59A020C0}"
EndProject
Project("{FAE04EC0-301F-11D3-BF4B-00C04F79EFBC}") = "Services", "Services\Services.csproj", "{F954D862-8787-483E-8A2A-A2C465F257DA}"
EndProject
Global
	GlobalSection(SolutionConfigurationPlatforms) = preSolution
		Debug|Any CPU = Debug|Any CPU
		Release|Any CPU = Release|Any CPU
	EndGlobalSection
	GlobalSection(ProjectConfigurationPlatforms) = postSolution
		{58776930-6790-4D63-ACCF-596B6FAD30FD}.Debug|Any CPU.ActiveCfg = Debug|Any CPU
		{58776930-6790-4D63-ACCF-596B6FAD30FD}.Debug|Any CPU.Build.0 = Debug|Any CPU
		{58776930-6790-4D63-ACCF-596B6FAD30FD}.Release|Any CPU.ActiveCfg = Release|Any CPU
		{58776930-6790-4D63-ACCF-596B6FAD30FD}.Release|Any CPU.Build.0 = Release|Any CPU
		{A8C99D84-DA4C-475B-9970-976E59A020C0}.Debug|Any CPU.ActiveCfg = Debug|Any CPU
		{A8C99D84-DA4C-475B-9970-976E59A020C0}.Debug|Any CPU.Build.0 = Debug|Any CPU
		{A8C99D84-DA4C-475B-9970-976E59A020C0}.Release|Any CPU.ActiveCfg = Release|Any CPU
		{A8C99D84-DA4C-475B-9970-976E59A020C0}.Release|Any CPU.Build.0 = Release|Any CPU
		{F954D862-8787-483E-8A2A-A2C465F257DA}.Debug|Any CPU.ActiveCfg = Debug|Any CPU
		{F954D862-8787-483E-8A2A-A2C465F257DA}.Debug|Any CPU.Build.0 = Debug|Any CPU
		{F954D862-8787-483E-8A2A-A2C465F257DA}.Release|Any CPU.ActiveCfg = Release|Any CPU
		{F954D862-8787-483E-8A2A-A2C465F257DA}.Release|Any CPU.Build.0 = Release|Any CPU
	EndGlobalSection
	GlobalSection(SolutionProperties) = preSolution
		HideSolutionNode = FALSE
	EndGlobalSection
	GlobalSection(ExtensibilityGlobals) = postSolution
		SolutionGuid = {958AE959-CA2B-4E3C-82AC-72329F85EACD}
	EndGlobalSection
EndGlobal
